<?xml version="1.0" encoding="utf-8"?>
<Project ToolsVersion="16.0" xmlns="http://schemas.microsoft.com/developer/msbuild/2003">
  <ItemGroup>
    <ClCompile Include="D:\Projects\C++\ChessAI\chess-ai-master\src\bishop.cpp">
      <Filter>Source Files</Filter>
    </ClCompile>
    <ClCompile Include="D:\Projects\C++\ChessAI\chess-ai-master\src\evaluate.cpp">
      <Filter>Source Files</Filter>
    </ClCompile>
    <ClCompile Include="D:\Projects\C++\ChessAI\chess-ai-master\src\execute.cpp">
      <Filter>Source Files</Filter>
    </ClCompile>
    <ClCompile Include="D:\Projects\C++\ChessAI\chess-ai-master\src\king.cpp">
      <Filter>Source Files</Filter>
    </ClCompile>
    <ClCompile Include="D:\Projects\C++\ChessAI\chess-ai-master\src\knight.cpp">
      <Filter>Source Files</Filter>
    </ClCompile>
    <ClCompile Include="D:\Projects\C++\ChessAI\chess-ai-master\src\main.cpp">
      <Filter>Source Files</Filter>
    </ClCompile>
    <ClCompile Include="D:\Projects\C++\ChessAI\chess-ai-master\src\minimax.cpp">
      <Filter>Source Files</Filter>
    </ClCompile>
    <ClCompile Include="D:\Projects\C++\ChessAI\chess-ai-master\src\move.cpp">
      <Filter>Source Files</Filter>
    </ClCompile>
    <ClCompile Include="D:\Projects\C++\ChessAI\chess-ai-master\src\pawn.cpp">
      <Filter>Source Files</Filter>
    </ClCompile>
    <ClCompile Include="D:\Projects\C++\ChessAI\chess-ai-master\src\print.cpp">
      <Filter>Source Files</Filter>
    </ClCompile>
    <ClCompile Include="D:\Projects\C++\ChessAI\chess-ai-master\src\queen.cpp">
      <Filter>Source Files</Filter>
    </ClCompile>
    <ClCompile Include="D:\Projects\C++\ChessAI\chess-ai-master\src\rook.cpp">
      <Filter>Source Files</Filter>
    </ClCompile>
    <ClCompile Include="D:\Projects\C++\ChessAI\chess-ai-master\src\tree.cpp">
      <Filter>Source Files</Filter>
    </ClCompile>
    <ClCompile Include="AI_API.cpp">
      <Filter>Source Files</Filter>
    </ClCompile>
  </ItemGroup>
  <ItemGroup>
    <ClInclude Include="D:\Projects\C++\ChessAI\chess-ai-master\src\main.h">
      <Filter>Header Files</Filter>
    </ClInclude>
    <ClInclude Include="AI_API.h">
      <Filter>Header Files</Filter>
    </ClInclude>
  </ItemGroup>
  <ItemGroup>
    <CustomBuild Include="D:\Projects\C++\ChessAI\chess-ai-master\CMakeLists.txt" />
  </ItemGroup>
  <ItemGroup>
    <Filter Include="Header Files">
      <UniqueIdentifier>{5BEE7F56-F417-3B63-BE55-CCEE401E50B3}</UniqueIdentifier>
    </Filter>
    <Filter Include="Source Files">
      <UniqueIdentifier>{1A742DE1-2577-32A5-91CE-FC1F8669EE15}</UniqueIdentifier>
    </Filter>
  </ItemGroup>
</Project>